
Microsoft Visual Studio Solution File, Format Version 12.00
# Visual Studio Version 17
VisualStudioVersion = 17.9.34407.89
MinimumVisualStudioVersion = 10.0.40219.1
Project("{9A19103F-16F7-4668-BE54-9A1E7A4F7556}") = "Alumni", "Alumni\Alumni.csproj", "{C21A010D-003D-4307-8262-48611995CDBF}"
EndProject
Project("{9A19103F-16F7-4668-BE54-9A1E7A4F7556}") = "Alumni.Domain", "Alumni.Domain\Alumni.Domain.csproj", "{BEBCEA92-F090-49C8-A07F-C46B72C4A1B1}"
EndProject
Project("{9A19103F-16F7-4668-BE54-9A1E7A4F7556}") = "Alumni.Services", "Alumni.Services\Alumni.Services.csproj", "{F9974644-84A3-477E-A903-0EEE4A57D9F9}"
EndProject
Global
	GlobalSection(SolutionConfigurationPlatforms) = preSolution
		Debug|Any CPU = Debug|Any CPU
		Release|Any CPU = Release|Any CPU
	EndGlobalSection
	GlobalSection(ProjectConfigurationPlatforms) = postSolution
		{C21A010D-003D-4307-8262-48611995CDBF}.Debug|Any CPU.ActiveCfg = Debug|Any CPU
		{C21A010D-003D-4307-8262-48611995CDBF}.Debug|Any CPU.Build.0 = Debug|Any CPU
		{C21A010D-003D-4307-8262-48611995CDBF}.Release|Any CPU.ActiveCfg = Release|Any CPU
		{C21A010D-003D-4307-8262-48611995CDBF}.Release|Any CPU.Build.0 = Release|Any CPU
		{BEBCEA92-F090-49C8-A07F-C46B72C4A1B1}.Debug|Any CPU.ActiveCfg = Debug|Any CPU
		{BEBCEA92-F090-49C8-A07F-C46B72C4A1B1}.Debug|Any CPU.Build.0 = Debug|Any CPU
		{BEBCEA92-F090-49C8-A07F-C46B72C4A1B1}.Release|Any CPU.ActiveCfg = Release|Any CPU
		{BEBCEA92-F090-49C8-A07F-C46B72C4A1B1}.Release|Any CPU.Build.0 = Release|Any CPU
		{F9974644-84A3-477E-A903-0EEE4A57D9F9}.Debug|Any CPU.ActiveCfg = Debug|Any CPU
		{F9974644-84A3-477E-A903-0EEE4A57D9F9}.Debug|Any CPU.Build.0 = Debug|Any CPU
		{F9974644-84A3-477E-A903-0EEE4A57D9F9}.Release|Any CPU.ActiveCfg = Release|Any CPU
		{F9974644-84A3-477E-A903-0EEE4A57D9F9}.Release|Any CPU.Build.0 = Release|Any CPU
	EndGlobalSection
	GlobalSection(SolutionProperties) = preSolution
		HideSolutionNode = FALSE
	EndGlobalSection
	GlobalSection(ExtensibilityGlobals) = postSolution
		SolutionGuid = {B5F20682-7CB7-4AC1-BA02-35251EC8C137}
	EndGlobalSection
EndGlobal
